
Microsoft Visual Studio Solution File, Format Version 12.00
# Visual Studio Version 16
VisualStudioVersion = 16.0.30011.22
MinimumVisualStudioVersion = 10.0.40219.1
Project("{FAE04EC0-301F-11D3-BF4B-00C04F79EFBC}") = "XamlCompletionExample", "XamlCompletionExample\XamlCompletionExample.csproj", "{6E6D1509-A902-414F-83B0-B4556ABFE45E}"
EndProject
Global
	GlobalSection(SolutionConfigurationPlatforms) = preSolution
		Debug|Any CPU = Debug|Any CPU
		Release|Any CPU = Release|Any CPU
	EndGlobalSection
	GlobalSection(ProjectConfigurationPlatforms) = postSolution
		{6E6D1509-A902-414F-83B0-B4556ABFE45E}.Debug|Any CPU.ActiveCfg = Debug|Any CPU
		{6E6D1509-A902-414F-83B0-B4556ABFE45E}.Debug|Any CPU.Build.0 = Debug|Any CPU
		{6E6D1509-A902-414F-83B0-B4556ABFE45E}.Release|Any CPU.ActiveCfg = Release|Any CPU
		{6E6D1509-A902-414F-83B0-B4556ABFE45E}.Release|Any CPU.Build.0 = Release|Any CPU
	EndGlobalSection
	GlobalSection(SolutionProperties) = preSolution
		HideSolutionNode = FALSE
	EndGlobalSection
	GlobalSection(ExtensibilityGlobals) = postSolution
		SolutionGuid = {9313D0E5-10ED-4AED-8B8B-B43C3989B6C0}
	EndGlobalSection
EndGlobal
